// !$*UTF8*$!
{
	archiveVersion = 1;
	classes = {
	};
	objectVersion = 51;
	objects = {

/* Begin PBXBuildFile section */
		100126BC23FF8052009EC0F4 /* AppDelegate.swift in Sources */ = {isa = PBXBuildFile; fileRef = 100126BB23FF8052009EC0F4 /* AppDelegate.swift */; };
		100126BE23FF8052009EC0F4 /* SceneDelegate.swift in Sources */ = {isa = PBXBuildFile; fileRef = 100126BD23FF8052009EC0F4 /* SceneDelegate.swift */; };
		100126C023FF8052009EC0F4 /* ViewController.swift in Sources */ = {isa = PBXBuildFile; fileRef = 100126BF23FF8052009EC0F4 /* ViewController.swift */; };
		100126C323FF8052009EC0F4 /* Main.storyboard in Resources */ = {isa = PBXBuildFile; fileRef = 100126C123FF8052009EC0F4 /* Main.storyboard */; };
		100126C523FF8054009EC0F4 /* Assets.xcassets in Resources */ = {isa = PBXBuildFile; fileRef = 100126C423FF8054009EC0F4 /* Assets.xcassets */; };
		100126C823FF8054009EC0F4 /* LaunchScreen.storyboard in Resources */ = {isa = PBXBuildFile; fileRef = 100126C623FF8054009EC0F4 /* LaunchScreen.storyboard */; };
		10301F762405F6DA00B4FC04 /* MovieViewModel.swift in Sources */ = {isa = PBXBuildFile; fileRef = 10301F752405F6DA00B4FC04 /* MovieViewModel.swift */; };
		10301F78240608C400B4FC04 /* MovieClient.swift in Sources */ = {isa = PBXBuildFile; fileRef = 10301F77240608C400B4FC04 /* MovieClient.swift */; };
		4D974CAF2406292800CDE5BE /* MovieModel.swift in Sources */ = {isa = PBXBuildFile; fileRef = 4D974CAE2406292800CDE5BE /* MovieModel.swift */; };
		4D974CB12406411600CDE5BE /* MovieData.swift in Sources */ = {isa = PBXBuildFile; fileRef = 4D974CB02406411600CDE5BE /* MovieData.swift */; };
		4DBBB38024280A86004DECCE /* MovieTableCell.xib in Resources */ = {isa = PBXBuildFile; fileRef = 4DBBB37E24280A86004DECCE /* MovieTableCell.xib */; };
		4DBBB38124280A86004DECCE /* MovieTableCell.swift in Sources */ = {isa = PBXBuildFile; fileRef = 4DBBB37F24280A86004DECCE /* MovieTableCell.swift */; };
		4DCB18432480C025008E5BCF /* ApiManager.swift in Sources */ = {isa = PBXBuildFile; fileRef = 4DCB18422480C025008E5BCF /* ApiManager.swift */; };
		FDAD869E1C6783EEB7B4E881 /* Pods_MovieMvvmApp.framework in Frameworks */ = {isa = PBXBuildFile; fileRef = FB67F647C7CAFA7DD0B2691F /* Pods_MovieMvvmApp.framework */; };
/* End PBXBuildFile section */

/* Begin PBXFileReference section */
		100126B823FF8052009EC0F4 /* MovieMvvmApp.app */ = {isa = PBXFileReference; explicitFileType = wrapper.application; includeInIndex = 0; path = MovieMvvmApp.app; sourceTree = BUILT_PRODUCTS_DIR; };
		100126BB23FF8052009EC0F4 /* AppDelegate.swift */ = {isa = PBXFileReference; lastKnownFileType = sourcecode.swift; path = AppDelegate.swift; sourceTree = "<group>"; };
		100126BD23FF8052009EC0F4 /* SceneDelegate.swift */ = {isa = PBXFileReference; lastKnownFileType = sourcecode.swift; path = SceneDelegate.swift; sourceTree = "<group>"; };
		100126BF23FF8052009EC0F4 /* ViewController.swift */ = {isa = PBXFileReference; lastKnownFileType = sourcecode.swift; path = ViewController.swift; sourceTree = "<group>"; };
		100126C223FF8052009EC0F4 /* Base */ = {isa = PBXFileReference; lastKnownFileType = file.storyboard; name = Base; path = Base.lproj/Main.storyboard; sourceTree = "<group>"; };
		100126C423FF8054009EC0F4 /* Assets.xcassets */ = {isa = PBXFileReference; lastKnownFileType = folder.assetcatalog; path = Assets.xcassets; sourceTree = "<group>"; };
		100126C723FF8054009EC0F4 /* Base */ = {isa = PBXFileReference; lastKnownFileType = file.storyboard; name = Base; path = Base.lproj/LaunchScreen.storyboard; sourceTree = "<group>"; };
		100126C923FF8054009EC0F4 /* Info.plist */ = {isa = PBXFileReference; lastKnownFileType = text.plist.xml; path = Info.plist; sourceTree = "<group>"; };
		10301F752405F6DA00B4FC04 /* MovieViewModel.swift */ = {isa = PBXFileReference; lastKnownFileType = sourcecode.swift; path = MovieViewModel.swift; sourceTree = "<group>"; };
		10301F77240608C400B4FC04 /* MovieClient.swift */ = {isa = PBXFileReference; lastKnownFileType = sourcecode.swift; path = MovieClient.swift; sourceTree = "<group>"; };
		27D2B7EC7EE264C485B5066A /* Pods-MovieMvvmApp.debug.xcconfig */ = {isa = PBXFileReference; includeInIndex = 1; lastKnownFileType = text.xcconfig; name = "Pods-MovieMvvmApp.debug.xcconfig"; path = "Target Support Files/Pods-MovieMvvmApp/Pods-MovieMvvmApp.debug.xcconfig"; sourceTree = "<group>"; };
		4D974CAE2406292800CDE5BE /* MovieModel.swift */ = {isa = PBXFileReference; lastKnownFileType = sourcecode.swift; path = MovieModel.swift; sourceTree = "<group>"; };
		4D974CB02406411600CDE5BE /* MovieData.swift */ = {isa = PBXFileReference; lastKnownFileType = sourcecode.swift; path = MovieData.swift; sourceTree = "<group>"; };
		4DBBB37E24280A86004DECCE /* MovieTableCell.xib */ = {isa = PBXFileReference; fileEncoding = 4; lastKnownFileType = file.xib; path = MovieTableCell.xib; sourceTree = "<group>"; };
		4DBBB37F24280A86004DECCE /* MovieTableCell.swift */ = {isa = PBXFileReference; fileEncoding = 4; lastKnownFileType = sourcecode.swift; path = MovieTableCell.swift; sourceTree = "<group>"; };
		4DCB18422480C025008E5BCF /* ApiManager.swift */ = {isa = PBXFileReference; lastKnownFileType = sourcecode.swift; path = ApiManager.swift; sourceTree = "<group>"; };
		C6E1CDA69C3111F933071850 /* Pods-MovieMvvmApp.release.xcconfig */ = {isa = PBXFileReference; includeInIndex = 1; lastKnownFileType = text.xcconfig; name = "Pods-MovieMvvmApp.release.xcconfig"; path = "Target Support Files/Pods-MovieMvvmApp/Pods-MovieMvvmApp.release.xcconfig"; sourceTree = "<group>"; };
		FB67F647C7CAFA7DD0B2691F /* Pods_MovieMvvmApp.framework */ = {isa = PBXFileReference; explicitFileType = wrapper.framework; includeInIndex = 0; path = Pods_MovieMvvmApp.framework; sourceTree = BUILT_PRODUCTS_DIR; };
/* End PBXFileReference section */

/* Begin PBXFrameworksBuildPhase section */
		100126B523FF8052009EC0F4 /* Frameworks */ = {
			isa = PBXFrameworksBuildPhase;
			buildActionMask = 2147483647;
			files = (
				FDAD869E1C6783EEB7B4E881 /* Pods_MovieMvvmApp.framework in Frameworks */,
			);
			runOnlyForDeploymentPostprocessing = 0;
		};
/* End PBXFrameworksBuildPhase section */

/* Begin PBXGroup section */
		100126AF23FF8052009EC0F4 = {
			isa = PBXGroup;
			children = (
				100126BA23FF8052009EC0F4 /* MovieMvvmApp */,
				100126B923FF8052009EC0F4 /* Products */,
				97C3EF308C7D4E0575BCB2D9 /* Pods */,
				70AF2A60FD768D9FA746D850 /* Frameworks */,
			);
			sourceTree = "<group>";
		};
		100126B923FF8052009EC0F4 /* Products */ = {
			isa = PBXGroup;
			children = (
				100126B823FF8052009EC0F4 /* MovieMvvmApp.app */,
			);
			name = Products;
			sourceTree = "<group>";
		};
		100126BA23FF8052009EC0F4 /* MovieMvvmApp */ = {
			isa = PBXGroup;
			children = (
				4D974CB5240655CF00CDE5BE /* view */,
				4D974CB4240655B100CDE5BE /* model */,
				4D974CB32406559100CDE5BE /* controller */,
				4D974CB22406557100CDE5BE /* viewmodel */,
				100126BB23FF8052009EC0F4 /* AppDelegate.swift */,
				100126BD23FF8052009EC0F4 /* SceneDelegate.swift */,
				100126C423FF8054009EC0F4 /* Assets.xcassets */,
				100126C623FF8054009EC0F4 /* LaunchScreen.storyboard */,
				100126C923FF8054009EC0F4 /* Info.plist */,
				4DCB18422480C025008E5BCF /* ApiManager.swift */,
			);
			path = MovieMvvmApp;
			sourceTree = "<group>";
		};
		4D974CB22406557100CDE5BE /* viewmodel */ = {
			isa = PBXGroup;
			children = (
				10301F752405F6DA00B4FC04 /* MovieViewModel.swift */,
			);
			path = viewmodel;
			sourceTree = "<group>";
		};
		4D974CB32406559100CDE5BE /* controller */ = {
			isa = PBXGroup;
			children = (
				100126BF23FF8052009EC0F4 /* ViewController.swift */,
			);
			name = controller;
			sourceTree = "<group>";
		};
		4D974CB4240655B100CDE5BE /* model */ = {
			isa = PBXGroup;
			children = (
				10301F77240608C400B4FC04 /* MovieClient.swift */,
				4D974CAE2406292800CDE5BE /* MovieModel.swift */,
				4D974CB02406411600CDE5BE /* MovieData.swift */,
			);
			name = model;
			sourceTree = "<group>";
		};
		4D974CB5240655CF00CDE5BE /* view */ = {
			isa = PBXGroup;
			children = (
				4DBBB37F24280A86004DECCE /* MovieTableCell.swift */,
				4DBBB37E24280A86004DECCE /* MovieTableCell.xib */,
				100126C123FF8052009EC0F4 /* Main.storyboard */,
			);
			path = view;
			sourceTree = "<group>";
		};
		70AF2A60FD768D9FA746D850 /* Frameworks */ = {
			isa = PBXGroup;
			children = (
				FB67F647C7CAFA7DD0B2691F /* Pods_MovieMvvmApp.framework */,
			);
			name = Frameworks;
			sourceTree = "<group>";
		};
		97C3EF308C7D4E0575BCB2D9 /* Pods */ = {
			isa = PBXGroup;
			children = (
				27D2B7EC7EE264C485B5066A /* Pods-MovieMvvmApp.debug.xcconfig */,
				C6E1CDA69C3111F933071850 /* Pods-MovieMvvmApp.release.xcconfig */,
			);
			path = Pods;
			sourceTree = "<group>";
		};
/* End PBXGroup section */

/* Begin PBXNativeTarget section */
		100126B723FF8052009EC0F4 /* MovieMvvmApp */ = {
			isa = PBXNativeTarget;
			buildConfigurationList = 100126CC23FF8054009EC0F4 /* Build configuration list for PBXNativeTarget "MovieMvvmApp" */;
			buildPhases = (
				82ACD414DEEE7B5C7281829A /* [CP] Check Pods Manifest.lock */,
				100126B423FF8052009EC0F4 /* Sources */,
				100126B523FF8052009EC0F4 /* Frameworks */,
				100126B623FF8052009EC0F4 /* Resources */,
				7C68A5E84FF52C6479083090 /* [CP] Embed Pods Frameworks */,
			);
			buildRules = (
			);
			dependencies = (
			);
			name = MovieMvvmApp;
			productName = MovieMvvmApp;
			productReference = 100126B823FF8052009EC0F4 /* MovieMvvmApp.app */;
			productType = "com.apple.product-type.application";
		};
/* End PBXNativeTarget section */

/* Begin PBXProject section */
		100126B023FF8052009EC0F4 /* Project object */ = {
			isa = PBXProject;
			attributes = {
				LastSwiftUpdateCheck = 1130;
				LastUpgradeCheck = 1130;
				ORGANIZATIONNAME = xiaoluepeng;
				TargetAttributes = {
					100126B723FF8052009EC0F4 = {
						CreatedOnToolsVersion = 11.3;
					};
				};
			};
			buildConfigurationList = 100126B323FF8052009EC0F4 /* Build configuration list for PBXProject "MovieMvvmApp" */;
			compatibilityVersion = "Xcode 9.3";
			developmentRegion = en;
			hasScannedForEncodings = 0;
			knownRegions = (
				en,
				Base,
			);
			mainGroup = 100126AF23FF8052009EC0F4;
			productRefGroup = 100126B923FF8052009EC0F4 /* Products */;
			projectDirPath = "";
			projectRoot = "";
			targets = (
				100126B723FF8052009EC0F4 /* MovieMvvmApp */,
			);
		};
/* End PBXProject section */

/* Begin PBXResourcesBuildPhase section */
		100126B623FF8052009EC0F4 /* Resources */ = {
			isa = PBXResourcesBuildPhase;
			buildActionMask = 2147483647;
			files = (
				100126C823FF8054009EC0F4 /* LaunchScreen.storyboard in Resources */,
				100126C523FF8054009EC0F4 /* Assets.xcassets in Resources */,
				100126C323FF8052009EC0F4 /* Main.storyboard in Resources */,
				4DBBB38024280A86004DECCE /* MovieTableCell.xib in Resources */,
			);
			runOnlyForDeploymentPostprocessing = 0;
		};
/* End PBXResourcesBuildPhase section */

/* Begin PBXShellScriptBuildPhase section */
		7C68A5E84FF52C6479083090 /* [CP] Embed Pods Frameworks */ = {
			isa = PBXShellScriptBuildPhase;
			buildActionMask = 2147483647;
			files = (
			);
			inputFileListPaths = (
				"${PODS_ROOT}/Target Support Files/Pods-MovieMvvmApp/Pods-MovieMvvmApp-frameworks-${CONFIGURATION}-input-files.xcfilelist",
			);
			name = "[CP] Embed Pods Frameworks";
			outputFileListPaths = (
				"${PODS_ROOT}/Target Support Files/Pods-MovieMvvmApp/Pods-MovieMvvmApp-frameworks-${CONFIGURATION}-output-files.xcfilelist",
			);
			runOnlyForDeploymentPostprocessing = 0;
			shellPath = /bin/sh;
			shellScript = "\"${PODS_ROOT}/Target Support Files/Pods-MovieMvvmApp/Pods-MovieMvvmApp-frameworks.sh\"\n";
			showEnvVarsInLog = 0;
		};
		82ACD414DEEE7B5C7281829A /* [CP] Check Pods Manifest.lock */ = {
			isa = PBXShellScriptBuildPhase;
			buildActionMask = 2147483647;
			files = (
			);
			inputFileListPaths = (
			);
			inputPaths = (
				"${PODS_PODFILE_DIR_PATH}/Podfile.lock",
				"${PODS_ROOT}/Manifest.lock",
			);
			name = "[CP] Check Pods Manifest.lock";
			outputFileListPaths = (
			);
			outputPaths = (
				"$(DERIVED_FILE_DIR)/Pods-MovieMvvmApp-checkManifestLockResult.txt",
			);
			runOnlyForDeploymentPostprocessing = 0;
			shellPath = /bin/sh;
			shellScript = "diff \"${PODS_PODFILE_DIR_PATH}/Podfile.lock\" \"${PODS_ROOT}/Manifest.lock\" > /dev/null\nif [ $? != 0 ] ; then\n    # print error to STDERR\n    echo \"error: The sandbox is not in sync with the Podfile.lock. Run 'pod install' or update your CocoaPods installation.\" >&2\n    exit 1\nfi\n# This output is used by Xcode 'outputs' to avoid re-running this script phase.\necho \"SUCCESS\" > \"${SCRIPT_OUTPUT_FILE_0}\"\n";
			showEnvVarsInLog = 0;
		};
/* End PBXShellScriptBuildPhase section */

/* Begin PBXSourcesBuildPhase section */
		100126B423FF8052009EC0F4 /* Sources */ = {
			isa = PBXSourcesBuildPhase;
			buildActionMask = 2147483647;
			files = (
				4D974CAF2406292800CDE5BE /* MovieModel.swift in Sources */,
				4DCB18432480C025008E5BCF /* ApiManager.swift in Sources */,
				100126C023FF8052009EC0F4 /* ViewController.swift in Sources */,
				100126BC23FF8052009EC0F4 /* AppDelegate.swift in Sources */,
				4D974CB12406411600CDE5BE /* MovieData.swift in Sources */,
				10301F78240608C400B4FC04 /* MovieClient.swift in Sources */,
				100126BE23FF8052009EC0F4 /* SceneDelegate.swift in Sources */,
				10301F762405F6DA00B4FC04 /* MovieViewModel.swift in Sources */,
				4DBBB38124280A86004DECCE /* MovieTableCell.swift in Sources */,
			);
			runOnlyForDeploymentPostprocessing = 0;
		};
/* End PBXSourcesBuildPhase section */

/* Begin PBXVariantGroup section */
		100126C123FF8052009EC0F4 /* Main.storyboard */ = {
			isa = PBXVariantGroup;
			children = (
				100126C223FF8052009EC0F4 /* Base */,
			);
			name = Main.storyboard;
			sourceTree = "<group>";
		};
		100126C623FF8054009EC0F4 /* LaunchScreen.storyboard */ = {
			isa = PBXVariantGroup;
			children = (
				100126C723FF8054009EC0F4 /* Base */,
			);
			name = LaunchScreen.storyboard;
			sourceTree = "<group>";
		};
/* End PBXVariantGroup section */

/* Begin XCBuildConfiguration section */
		100126CA23FF8054009EC0F4 /* Debug */ = {
			isa = XCBuildConfiguration;
			buildSettings = {
				ALWAYS_SEARCH_USER_PATHS = NO;
				CLANG_ANALYZER_NONNULL = YES;
				CLANG_ANALYZER_NUMBER_OBJECT_CONVERSION = YES_AGGRESSIVE;
				CLANG_CXX_LANGUAGE_STANDARD = "gnu++14";
				CLANG_CXX_LIBRARY = "libc++";
				CLANG_ENABLE_MODULES = YES;
				CLANG_ENABLE_OBJC_ARC = YES;
				CLANG_ENABLE_OBJC_WEAK = YES;
				CLANG_WARN_BLOCK_CAPTURE_AUTORELEASING = YES;
				CLANG_WARN_BOOL_CONVERSION = YES;
				CLANG_WARN_COMMA = YES;
				CLANG_WARN_CONSTANT_CONVERSION = YES;
				CLANG_WARN_DEPRECATED_OBJC_IMPLEMENTATIONS = YES;
				CLANG_WARN_DIRECT_OBJC_ISA_USAGE = YES_ERROR;
				CLANG_WARN_DOCUMENTATION_COMMENTS = YES;
				CLANG_WARN_EMPTY_BODY = YES;
				CLANG_WARN_ENUM_CONVERSION = YES;
				CLANG_WARN_INFINITE_RECURSION = YES;
				CLANG_WARN_INT_CONVERSION = YES;
				CLANG_WARN_NON_LITERAL_NULL_CONVERSION = YES;
				CLANG_WARN_OBJC_IMPLICIT_RETAIN_SELF = YES;
				CLANG_WARN_OBJC_LITERAL_CONVERSION = YES;
				CLANG_WARN_OBJC_ROOT_CLASS = YES_ERROR;
				CLANG_WARN_RANGE_LOOP_ANALYSIS = YES;
				CLANG_WARN_STRICT_PROTOTYPES = YES;
				CLANG_WARN_SUSPICIOUS_MOVE = YES;
				CLANG_WARN_UNGUARDED_AVAILABILITY = YES_AGGRESSIVE;
				CLANG_WARN_UNREACHABLE_CODE = YES;
				CLANG_WARN__DUPLICATE_METHOD_MATCH = YES;
				COPY_PHASE_STRIP = NO;
				DEBUG_INFORMATION_FORMAT = dwarf;
				ENABLE_STRICT_OBJC_MSGSEND = YES;
				ENABLE_TESTABILITY = YES;
				GCC_C_LANGUAGE_STANDARD = gnu11;
				GCC_DYNAMIC_NO_PIC = NO;
				GCC_NO_COMMON_BLOCKS = YES;
				GCC_OPTIMIZATION_LEVEL = 0;
				GCC_PREPROCESSOR_DEFINITIONS = (
					"DEBUG=1",
					"$(inherited)",
				);
				GCC_WARN_64_TO_32_BIT_CONVERSION = YES;
				GCC_WARN_ABOUT_RETURN_TYPE = YES_ERROR;
				GCC_WARN_UNDECLARED_SELECTOR = YES;
				GCC_WARN_UNINITIALIZED_AUTOS = YES_AGGRESSIVE;
				GCC_WARN_UNUSED_FUNCTION = YES;
				GCC_WARN_UNUSED_VARIABLE = YES;
				IPHONEOS_DEPLOYMENT_TARGET = 13.2;
				MTL_ENABLE_DEBUG_INFO = INCLUDE_SOURCE;
				MTL_FAST_MATH = YES;
				ONLY_ACTIVE_ARCH = YES;
				SDKROOT = iphoneos;
				SWIFT_ACTIVE_COMPILATION_CONDITIONS = DEBUG;
				SWIFT_OPTIMIZATION_LEVEL = "-Onone";
			};
			name = Debug;
		};
		100126CB23FF8054009EC0F4 /* Release */ = {
			isa = XCBuildConfiguration;
			buildSettings = {
				ALWAYS_SEARCH_USER_PATHS = NO;
				CLANG_ANALYZER_NONNULL = YES;
				CLANG_ANALYZER_NUMBER_OBJECT_CONVERSION = YES_AGGRESSIVE;
				CLANG_CXX_LANGUAGE_STANDARD = "gnu++14";
				CLANG_CXX_LIBRARY = "libc++";
				CLANG_ENABLE_MODULES = YES;
				CLANG_ENABLE_OBJC_ARC = YES;
				CLANG_ENABLE_OBJC_WEAK = YES;
				CLANG_WARN_BLOCK_CAPTURE_AUTORELEASING = YES;
				CLANG_WARN_BOOL_CONVERSION = YES;
				CLANG_WARN_COMMA = YES;
				CLANG_WARN_CONSTANT_CONVERSION = YES;
				CLANG_WARN_DEPRECATED_OBJC_IMPLEMENTATIONS = YES;
				CLANG_WARN_DIRECT_OBJC_ISA_USAGE = YES_ERROR;
				CLANG_WARN_DOCUMENTATION_COMMENTS = YES;
				CLANG_WARN_EMPTY_BODY = YES;
				CLANG_WARN_ENUM_CONVERSION = YES;
				CLANG_WARN_INFINITE_RECURSION = YES;
				CLANG_WARN_INT_CONVERSION = YES;
				CLANG_WARN_NON_LITERAL_NULL_CONVERSION = YES;
				CLANG_WARN_OBJC_IMPLICIT_RETAIN_SELF = YES;
				CLANG_WARN_OBJC_LITERAL_CONVERSION = YES;
				CLANG_WARN_OBJC_ROOT_CLASS = YES_ERROR;
				CLANG_WARN_RANGE_LOOP_ANALYSIS = YES;
				CLANG_WARN_STRICT_PROTOTYPES = YES;
				CLANG_WARN_SUSPICIOUS_MOVE = YES;
				CLANG_WARN_UNGUARDED_AVAILABILITY = YES_AGGRESSIVE;
				CLANG_WARN_UNREACHABLE_CODE = YES;
				CLANG_WARN__DUPLICATE_METHOD_MATCH = YES;
				COPY_PHASE_STRIP = NO;
				DEBUG_INFORMATION_FORMAT = "dwarf-with-dsym";
				ENABLE_NS_ASSERTIONS = NO;
				ENABLE_STRICT_OBJC_MSGSEND = YES;
				GCC_C_LANGUAGE_STANDARD = gnu11;
				GCC_NO_COMMON_BLOCKS = YES;
				GCC_WARN_64_TO_32_BIT_CONVERSION = YES;
				GCC_WARN_ABOUT_RETURN_TYPE = YES_ERROR;
				GCC_WARN_UNDECLARED_SELECTOR = YES;
				GCC_WARN_UNINITIALIZED_AUTOS = YES_AGGRESSIVE;
				GCC_WARN_UNUSED_FUNCTION = YES;
				GCC_WARN_UNUSED_VARIABLE = YES;
				IPHONEOS_DEPLOYMENT_TARGET = 13.2;
				MTL_ENABLE_DEBUG_INFO = NO;
				MTL_FAST_MATH = YES;
				SDKROOT = iphoneos;
				SWIFT_COMPILATION_MODE = wholemodule;
				SWIFT_OPTIMIZATION_LEVEL = "-O";
				VALIDATE_PRODUCT = YES;
			};
			name = Release;
		};
		100126CD23FF8054009EC0F4 /* Debug */ = {
			isa = XCBuildConfiguration;
			baseConfigurationReference = 27D2B7EC7EE264C485B5066A /* Pods-MovieMvvmApp.debug.xcconfig */;
			buildSettings = {
				ASSETCATALOG_COMPILER_APPICON_NAME = AppIcon;
				CODE_SIGN_STYLE = Automatic;
				DEVELOPMENT_TEAM = 9Z558423DG;
				INFOPLIST_FILE = MovieMvvmApp/Info.plist;
				IPHONEOS_DEPLOYMENT_TARGET = 13.0;
				LD_RUNPATH_SEARCH_PATHS = (
					"$(inherited)",
					"@executable_path/Frameworks",
				);
				PRODUCT_BUNDLE_IDENTIFIER = com.ucimswe.noodles.MovieMvvmApp;
				PRODUCT_NAME = "$(TARGET_NAME)";
				SWIFT_VERSION = 5.0;
				TARGETED_DEVICE_FAMILY = "1,2";
			};
			name = Debug;
		};
		100126CE23FF8054009EC0F4 /* Release */ = {
			isa = XCBuildConfiguration;
			baseConfigurationReference = C6E1CDA69C3111F933071850 /* Pods-MovieMvvmApp.release.xcconfig */;
			buildSettings = {
				ASSETCATALOG_COMPILER_APPICON_NAME = AppIcon;
				CODE_SIGN_STYLE = Automatic;
				DEVELOPMENT_TEAM = 9Z558423DG;
				INFOPLIST_FILE = MovieMvvmApp/Info.plist;
				IPHONEOS_DEPLOYMENT_TARGET = 13.0;
				LD_RUNPATH_SEARCH_PATHS = (
					"$(inherited)",
					"@executable_path/Frameworks",
				);
				PRODUCT_BUNDLE_IDENTIFIER = com.ucimswe.noodles.MovieMvvmApp;
				PRODUCT_NAME = "$(TARGET_NAME)";
				SWIFT_VERSION = 5.0;
				TARGETED_DEVICE_FAMILY = "1,2";
			};
			name = Release;
		};
/* End XCBuildConfiguration section */

/* Begin XCConfigurationList section */
		100126B323FF8052009EC0F4 /* Build configuration list for PBXProject "MovieMvvmApp" */ = {
			isa = XCConfigurationList;
			buildConfigurations = (
				100126CA23FF8054009EC0F4 /* Debug */,
				100126CB23FF8054009EC0F4 /* Release */,
			);
			defaultConfigurationIsVisible = 0;
			defaultConfigurationName = Release;
		};
		100126CC23FF8054009EC0F4 /* Build configuration list for PBXNativeTarget "MovieMvvmApp" */ = {
			isa = XCConfigurationList;
			buildConfigurations = (
				100126CD23FF8054009EC0F4 /* Debug */,
				100126CE23FF8054009EC0F4 /* Release */,
			);
			defaultConfigurationIsVisible = 0;
			defaultConfigurationName = Release;
		};
/* End XCConfigurationList section */
	};
	rootObject = 100126B023FF8052009EC0F4 /* Project object */;
}
